lockfileVersion: '9.0'

settings:
  autoInstallPeers: true
  excludeLinksFromLockfile: false

importers:

  .:
    dependencies:
      three:
        specifier: ^0.165.0
        version: 0.165.0

packages:

  three@0.165.0:
    resolution: {integrity: sha512-cc96IlVYGydeceu0e5xq70H8/yoVT/tXBxV/W8A/U6uOq7DXc4/s1Mkmnu6SqoYGhSRWWYFOhVwvq6V0VtbplA==}

snapshots:

  three@0.165.0: {}
